
Microsoft Visual Studio Solution File, Format Version 12.00
# Visual Studio Version 17
VisualStudioVersion = 17.13.35605.110 d17.13
MinimumVisualStudioVersion = 10.0.40219.1
Project("{FAE04EC0-301F-11D3-BF4B-00C04F79EFBC}") = "SuperShopApi", "SuperShopApi\SuperShopApi.csproj", "{55B6AF26-ADC7-46A5-A958-974039E6D264}"
EndProject
Global
	GlobalSection(SolutionConfigurationPlatforms) = preSolution
		Debug|Any CPU = Debug|Any CPU
		Release|Any CPU = Release|Any CPU
	EndGlobalSection
	GlobalSection(ProjectConfigurationPlatforms) = postSolution
		{55B6AF26-ADC7-46A5-A958-974039E6D264}.Debug|Any CPU.ActiveCfg = Debug|Any CPU
		{55B6AF26-ADC7-46A5-A958-974039E6D264}.Debug|Any CPU.Build.0 = Debug|Any CPU
		{55B6AF26-ADC7-46A5-A958-974039E6D264}.Release|Any CPU.ActiveCfg = Release|Any CPU
		{55B6AF26-ADC7-46A5-A958-974039E6D264}.Release|Any CPU.Build.0 = Release|Any CPU
	EndGlobalSection
	GlobalSection(SolutionProperties) = preSolution
		HideSolutionNode = FALSE
	EndGlobalSection
	GlobalSection(ExtensibilityGlobals) = postSolution
		SolutionGuid = {7C7F70B2-3091-4AA8-809F-99797A5FD447}
	EndGlobalSection
EndGlobal
